
Microsoft Visual Studio Solution File, Format Version 12.00
# Visual Studio Version 16
VisualStudioVersion = 16.0.31702.278
MinimumVisualStudioVersion = 10.0.40219.1
Project("{9A19103F-16F7-4668-BE54-9A1E7A4F7556}") = "MirDB", "MirDB\MirDB.csproj", "{DBFDAA3D-4C9A-4A3D-9347-45623F14CADF}"
EndProject
Project("{9A19103F-16F7-4668-BE54-9A1E7A4F7556}") = "MirAIConsole", "MirAIConsole\MirAIConsole.csproj", "{C316F7B5-619D-49B5-91FF-D2C57D42AD1E}"
EndProject
Project("{FAE04EC0-301F-11D3-BF4B-00C04F79EFBC}") = "MirAIForm", "MirAIForm\MirAIForm.csproj", "{A2ABE526-1043-4EE9-834E-4716295D5BFC}"
EndProject
Global
	GlobalSection(SolutionConfigurationPlatforms) = preSolution
		Debug|Any CPU = Debug|Any CPU
		Release|Any CPU = Release|Any CPU
	EndGlobalSection
	GlobalSection(ProjectConfigurationPlatforms) = postSolution
		{DBFDAA3D-4C9A-4A3D-9347-45623F14CADF}.Debug|Any CPU.ActiveCfg = Debug|Any CPU
		{DBFDAA3D-4C9A-4A3D-9347-45623F14CADF}.Debug|Any CPU.Build.0 = Debug|Any CPU
		{DBFDAA3D-4C9A-4A3D-9347-45623F14CADF}.Release|Any CPU.ActiveCfg = Release|Any CPU
		{DBFDAA3D-4C9A-4A3D-9347-45623F14CADF}.Release|Any CPU.Build.0 = Release|Any CPU
		{C316F7B5-619D-49B5-91FF-D2C57D42AD1E}.Debug|Any CPU.ActiveCfg = Debug|Any CPU
		{C316F7B5-619D-49B5-91FF-D2C57D42AD1E}.Debug|Any CPU.Build.0 = Debug|Any CPU
		{C316F7B5-619D-49B5-91FF-D2C57D42AD1E}.Release|Any CPU.ActiveCfg = Release|Any CPU
		{C316F7B5-619D-49B5-91FF-D2C57D42AD1E}.Release|Any CPU.Build.0 = Release|Any CPU
		{A2ABE526-1043-4EE9-834E-4716295D5BFC}.Debug|Any CPU.ActiveCfg = Debug|Any CPU
		{A2ABE526-1043-4EE9-834E-4716295D5BFC}.Debug|Any CPU.Build.0 = Debug|Any CPU
		{A2ABE526-1043-4EE9-834E-4716295D5BFC}.Release|Any CPU.ActiveCfg = Release|Any CPU
		{A2ABE526-1043-4EE9-834E-4716295D5BFC}.Release|Any CPU.Build.0 = Release|Any CPU
	EndGlobalSection
	GlobalSection(SolutionProperties) = preSolution
		HideSolutionNode = FALSE
	EndGlobalSection
	GlobalSection(ExtensibilityGlobals) = postSolution
		SolutionGuid = {52A8D674-B869-4CBF-ACC5-D41CEB3BC28B}
	EndGlobalSection
EndGlobal
